
Microsoft Visual Studio Solution File, Format Version 12.00
# Visual Studio Version 17
VisualStudioVersion = 17.4.33205.214
MinimumVisualStudioVersion = 10.0.40219.1
Project("{9A19103F-16F7-4668-BE54-9A1E7A4F7556}") = "ProyectoIdentity", "ProyectoIdentity\ProyectoIdentity.csproj", "{C60784B4-1420-4947-8EC3-C64A4750025C}"
EndProject
Project("{2150E333-8FDC-42A3-9474-1A3956D46DE8}") = "Solution Items", "Solution Items", "{C5DAC81D-3CF3-4FA7-B68C-7DE008ADDA73}"
	ProjectSection(SolutionItems) = preProject
		.editorconfig = .editorconfig
	EndProjectSection
EndProject
Global
	GlobalSection(SolutionConfigurationPlatforms) = preSolution
		Debug|Any CPU = Debug|Any CPU
		Release|Any CPU = Release|Any CPU
	EndGlobalSection
	GlobalSection(ProjectConfigurationPlatforms) = postSolution
		{C60784B4-1420-4947-8EC3-C64A4750025C}.Debug|Any CPU.ActiveCfg = Debug|Any CPU
		{C60784B4-1420-4947-8EC3-C64A4750025C}.Debug|Any CPU.Build.0 = Debug|Any CPU
		{C60784B4-1420-4947-8EC3-C64A4750025C}.Release|Any CPU.ActiveCfg = Release|Any CPU
		{C60784B4-1420-4947-8EC3-C64A4750025C}.Release|Any CPU.Build.0 = Release|Any CPU
	EndGlobalSection
	GlobalSection(SolutionProperties) = preSolution
		HideSolutionNode = FALSE
	EndGlobalSection
	GlobalSection(ExtensibilityGlobals) = postSolution
		SolutionGuid = {F8D2E70C-ADF5-48A6-A92A-7E5E5AA23333}
	EndGlobalSection
EndGlobal
